
Microsoft Visual Studio Solution File, Format Version 12.00
Project("{FAE04EC0-301F-11D3-BF4B-00C04F79EFBC}") = "DiaDiary", "DiaDiary\DiaDiary.csproj", "{185338A3-F845-4DB7-94DC-A74A0F34F22F}"
EndProject
Project("{FAE04EC0-301F-11D3-BF4B-00C04F79EFBC}") = "DataAccess", "DataAccess\DataAccess.csproj", "{854C5C27-010C-46D6-989E-6F7C485AAB50}"
EndProject
Project("{FAE04EC0-301F-11D3-BF4B-00C04F79EFBC}") = "Models", "Models\Models.csproj", "{8AD894B4-DD6B-4C23-85B6-F891BB5CC779}"
EndProject
Project("{FAE04EC0-301F-11D3-BF4B-00C04F79EFBC}") = "View", "View\View.csproj", "{CE2F895F-E353-430C-A07E-B6B87A57AA6A}"
EndProject
Project("{FAE04EC0-301F-11D3-BF4B-00C04F79EFBC}") = "DiaDiaryTests", "DiaDiaryTests\DiaDiaryTests.csproj", "{97BEFB92-827B-4852-9E6F-97BA81917059}"
EndProject
Global
	GlobalSection(SolutionConfigurationPlatforms) = preSolution
		Debug|Any CPU = Debug|Any CPU
		Release|Any CPU = Release|Any CPU
	EndGlobalSection
	GlobalSection(ProjectConfigurationPlatforms) = postSolution
		{185338A3-F845-4DB7-94DC-A74A0F34F22F}.Debug|Any CPU.ActiveCfg = Debug|Any CPU
		{185338A3-F845-4DB7-94DC-A74A0F34F22F}.Debug|Any CPU.Build.0 = Debug|Any CPU
		{185338A3-F845-4DB7-94DC-A74A0F34F22F}.Release|Any CPU.ActiveCfg = Release|Any CPU
		{185338A3-F845-4DB7-94DC-A74A0F34F22F}.Release|Any CPU.Build.0 = Release|Any CPU
		{854C5C27-010C-46D6-989E-6F7C485AAB50}.Debug|Any CPU.ActiveCfg = Debug|Any CPU
		{854C5C27-010C-46D6-989E-6F7C485AAB50}.Debug|Any CPU.Build.0 = Debug|Any CPU
		{854C5C27-010C-46D6-989E-6F7C485AAB50}.Release|Any CPU.ActiveCfg = Release|Any CPU
		{854C5C27-010C-46D6-989E-6F7C485AAB50}.Release|Any CPU.Build.0 = Release|Any CPU
		{8AD894B4-DD6B-4C23-85B6-F891BB5CC779}.Debug|Any CPU.ActiveCfg = Debug|Any CPU
		{8AD894B4-DD6B-4C23-85B6-F891BB5CC779}.Debug|Any CPU.Build.0 = Debug|Any CPU
		{8AD894B4-DD6B-4C23-85B6-F891BB5CC779}.Release|Any CPU.ActiveCfg = Release|Any CPU
		{8AD894B4-DD6B-4C23-85B6-F891BB5CC779}.Release|Any CPU.Build.0 = Release|Any CPU
		{CE2F895F-E353-430C-A07E-B6B87A57AA6A}.Debug|Any CPU.ActiveCfg = Debug|Any CPU
		{CE2F895F-E353-430C-A07E-B6B87A57AA6A}.Debug|Any CPU.Build.0 = Debug|Any CPU
		{CE2F895F-E353-430C-A07E-B6B87A57AA6A}.Release|Any CPU.ActiveCfg = Release|Any CPU
		{CE2F895F-E353-430C-A07E-B6B87A57AA6A}.Release|Any CPU.Build.0 = Release|Any CPU
		{97BEFB92-827B-4852-9E6F-97BA81917059}.Debug|Any CPU.ActiveCfg = Debug|Any CPU
		{97BEFB92-827B-4852-9E6F-97BA81917059}.Debug|Any CPU.Build.0 = Debug|Any CPU
		{97BEFB92-827B-4852-9E6F-97BA81917059}.Release|Any CPU.ActiveCfg = Release|Any CPU
		{97BEFB92-827B-4852-9E6F-97BA81917059}.Release|Any CPU.Build.0 = Release|Any CPU
	EndGlobalSection
EndGlobal
